
Microsoft Visual Studio Solution File, Format Version 12.00
# Visual Studio Version 16
VisualStudioVersion = 16.0.29215.179
MinimumVisualStudioVersion = 10.0.40219.1
Project("{FAE04EC0-301F-11D3-BF4B-00C04F79EFBC}") = "opc_client", "opc_client\opc_client.csproj", "{C1D98637-03F9-4278-BD64-8A8C2AF95893}"
EndProject
Project("{FAE04EC0-301F-11D3-BF4B-00C04F79EFBC}") = "h-opc", "..\h-opc-master\h-opc\h-opc.csproj", "{4F43B6F0-0C32-4C34-978E-9B8B5B0B6E80}"
EndProject
Project("{2150E333-8FDC-42A3-9474-1A3956D46DE8}") = "Solution Items", "Solution Items", "{D11BF6FF-99F7-49A0-A1E4-514CA872B991}"
	ProjectSection(SolutionItems) = preProject
		README.md = README.md
	EndProjectSection
EndProject
Global
	GlobalSection(SolutionConfigurationPlatforms) = preSolution
		Debug|Any CPU = Debug|Any CPU
		Release|Any CPU = Release|Any CPU
	EndGlobalSection
	GlobalSection(ProjectConfigurationPlatforms) = postSolution
		{C1D98637-03F9-4278-BD64-8A8C2AF95893}.Debug|Any CPU.ActiveCfg = Debug|Any CPU
		{C1D98637-03F9-4278-BD64-8A8C2AF95893}.Debug|Any CPU.Build.0 = Debug|Any CPU
		{C1D98637-03F9-4278-BD64-8A8C2AF95893}.Release|Any CPU.ActiveCfg = Release|Any CPU
		{C1D98637-03F9-4278-BD64-8A8C2AF95893}.Release|Any CPU.Build.0 = Release|Any CPU
		{4F43B6F0-0C32-4C34-978E-9B8B5B0B6E80}.Debug|Any CPU.ActiveCfg = Debug|Any CPU
		{4F43B6F0-0C32-4C34-978E-9B8B5B0B6E80}.Debug|Any CPU.Build.0 = Debug|Any CPU
		{4F43B6F0-0C32-4C34-978E-9B8B5B0B6E80}.Release|Any CPU.ActiveCfg = Release|Any CPU
		{4F43B6F0-0C32-4C34-978E-9B8B5B0B6E80}.Release|Any CPU.Build.0 = Release|Any CPU
	EndGlobalSection
	GlobalSection(SolutionProperties) = preSolution
		HideSolutionNode = FALSE
	EndGlobalSection
	GlobalSection(ExtensibilityGlobals) = postSolution
		SolutionGuid = {AF90268C-8FC2-4B31-983F-0BA2A50B03D4}
	EndGlobalSection
EndGlobal
